
Microsoft Visual Studio Solution File, Format Version 12.00
# Visual Studio Version 16
VisualStudioVersion = 16.0.29911.84
MinimumVisualStudioVersion = 10.0.40219.1
Project("{FAE04EC0-301F-11D3-BF4B-00C04F79EFBC}") = "construct_test", "construct_test\construct_test.csproj", "{0293264C-3704-451E-8E2B-C44EC37E3D02}"
EndProject
Global
	GlobalSection(SolutionConfigurationPlatforms) = preSolution
		Debug|Any CPU = Debug|Any CPU
		Release|Any CPU = Release|Any CPU
	EndGlobalSection
	GlobalSection(ProjectConfigurationPlatforms) = postSolution
		{0293264C-3704-451E-8E2B-C44EC37E3D02}.Debug|Any CPU.ActiveCfg = Debug|Any CPU
		{0293264C-3704-451E-8E2B-C44EC37E3D02}.Debug|Any CPU.Build.0 = Debug|Any CPU
		{0293264C-3704-451E-8E2B-C44EC37E3D02}.Release|Any CPU.ActiveCfg = Release|Any CPU
		{0293264C-3704-451E-8E2B-C44EC37E3D02}.Release|Any CPU.Build.0 = Release|Any CPU
	EndGlobalSection
	GlobalSection(SolutionProperties) = preSolution
		HideSolutionNode = FALSE
	EndGlobalSection
	GlobalSection(ExtensibilityGlobals) = postSolution
		SolutionGuid = {E417FF57-0212-4D6E-8301-4DD9C29E5588}
	EndGlobalSection
EndGlobal
