
Microsoft Visual Studio Solution File, Format Version 12.00
# Visual Studio Version 16
VisualStudioVersion = 16.0.29911.84
MinimumVisualStudioVersion = 10.0.40219.1
Project("{FAE04EC0-301F-11D3-BF4B-00C04F79EFBC}") = "BitCounting", "BitCounting\BitCounting.csproj", "{8F3EDBEC-DD34-4273-AA8F-E7588B4800D8}"
EndProject
Global
	GlobalSection(SolutionConfigurationPlatforms) = preSolution
		Debug|Any CPU = Debug|Any CPU
		Release|Any CPU = Release|Any CPU
	EndGlobalSection
	GlobalSection(ProjectConfigurationPlatforms) = postSolution
		{8F3EDBEC-DD34-4273-AA8F-E7588B4800D8}.Debug|Any CPU.ActiveCfg = Debug|Any CPU
		{8F3EDBEC-DD34-4273-AA8F-E7588B4800D8}.Debug|Any CPU.Build.0 = Debug|Any CPU
		{8F3EDBEC-DD34-4273-AA8F-E7588B4800D8}.Release|Any CPU.ActiveCfg = Release|Any CPU
		{8F3EDBEC-DD34-4273-AA8F-E7588B4800D8}.Release|Any CPU.Build.0 = Release|Any CPU
	EndGlobalSection
	GlobalSection(SolutionProperties) = preSolution
		HideSolutionNode = FALSE
	EndGlobalSection
	GlobalSection(ExtensibilityGlobals) = postSolution
		SolutionGuid = {892C6AF0-C245-456A-9466-599047EB3FCE}
	EndGlobalSection
EndGlobal
